dependencies:
  espressif__coap:
    component_hash: null
    source:
      path: /home/gulis/Desktop/PROYECTO-MIOT-GR5/components/espressif__coap
      type: local
    version: 4.3.4
  idf:
    component_hash: null
    source:
      type: idf
    version: 5.1.1
manifest_hash: c1b08c33fe3c30c7ef29bf8a3cccd8127101dd191b8e8739cc712ebcae191a48
target: esp32
version: 1.0.0
